// !$*UTF8*$!
{
	archiveVersion = 1;
	classes = {
	};
	objectVersion = 46;
	objects = {

/* Begin PBXBuildFile section */
		DF09C97118043A6F00FCACDC /* Foundation.framework in Frameworks */ = {isa = PBXBuildFile; fileRef = DF09C97018043A6F00FCACDC /* Foundation.framework */; };
		DF09C97318043A6F00FCACDC /* CoreGraphics.framework in Frameworks */ = {isa = PBXBuildFile; fileRef = DF09C97218043A6F00FCACDC /* CoreGraphics.framework */; };
		DF09C97518043A6F00FCACDC /* UIKit.framework in Frameworks */ = {isa = PBXBuildFile; fileRef = DF09C97418043A6F00FCACDC /* UIKit.framework */; };
		DF09C97B18043A6F00FCACDC /* InfoPlist.strings in Resources */ = {isa = PBXBuildFile; fileRef = DF09C97918043A6F00FCACDC /* InfoPlist.strings */; };
		DF09C97D18043A6F00FCACDC /* main.m in Sources */ = {isa = PBXBuildFile; fileRef = DF09C97C18043A6F00FCACDC /* main.m */; };
		DF09C98118043A6F00FCACDC /* iTutorAppDelegate.m in Sources */ = {isa = PBXBuildFile; fileRef = DF09C98018043A6F00FCACDC /* iTutorAppDelegate.m */; };
		DF09C98418043A6F00FCACDC /* Main_iPhone.storyboard in Resources */ = {isa = PBXBuildFile; fileRef = DF09C98218043A6F00FCACDC /* Main_iPhone.storyboard */; };
		DF09C98A18043A6F00FCACDC /* iTutorViewController.m in Sources */ = {isa = PBXBuildFile; fileRef = DF09C98918043A6F00FCACDC /* iTutorViewController.m */; };
		DF09C98C18043A6F00FCACDC /* Images.xcassets in Resources */ = {isa = PBXBuildFile; fileRef = DF09C98B18043A6F00FCACDC /* Images.xcassets */; };
		DF09C99318043A7000FCACDC /* XCTest.framework in Frameworks */ = {isa = PBXBuildFile; fileRef = DF09C99218043A7000FCACDC /* XCTest.framework */; };
		DF09C99418043A7000FCACDC /* Foundation.framework in Frameworks */ = {isa = PBXBuildFile; fileRef = DF09C97018043A6F00FCACDC /* Foundation.framework */; };
		DF09C99518043A7000FCACDC /* UIKit.framework in Frameworks */ = {isa = PBXBuildFile; fileRef = DF09C97418043A6F00FCACDC /* UIKit.framework */; };
		DF09C9A918043AF600FCACDC /* PassKit.framework in Frameworks */ = {isa = PBXBuildFile; fileRef = DF09C9A818043AF600FCACDC /* PassKit.framework */; };
		DF70394D1806F6D400D8F6FA /* MapKit.framework in Frameworks */ = {isa = PBXBuildFile; fileRef = DF70394C1806F6D400D8F6FA /* MapKit.framework */; };
		DFB463881806AF8E00A28B2D /* CoreLocation.framework in Frameworks */ = {isa = PBXBuildFile; fileRef = DFB463871806AF8E00A28B2D /* CoreLocation.framework */; };
/* End PBXBuildFile section */

/* Begin PBXContainerItemProxy section */
		DF09C99618043A7000FCACDC /* PBXContainerItemProxy */ = {
			isa = PBXContainerItemProxy;
			containerPortal = DF09C96518043A6F00FCACDC /* Project object */;
			proxyType = 1;
			remoteGlobalIDString = DF09C96C18043A6F00FCACDC;
			remoteInfo = iTutor;
		};
/* End PBXContainerItemProxy section */

/* Begin PBXFileReference section */
		DF09C96D18043A6F00FCACDC /* iTutor.app */ = {isa = PBXFileReference; explicitFileType = wrapper.application; includeInIndex = 0; path = iTutor.app; sourceTree = BUILT_PRODUCTS_DIR; };
		DF09C97018043A6F00FCACDC /* Foundation.framework */ = {isa = PBXFileReference; lastKnownFileType = wrapper.framework; name = Foundation.framework; path = System/Library/Frameworks/Foundation.framework; sourceTree = SDKROOT; };
		DF09C97218043A6F00FCACDC /* CoreGraphics.framework */ = {isa = PBXFileReference; lastKnownFileType = wrapper.framework; name = CoreGraphics.framework; path = System/Library/Frameworks/CoreGraphics.framework; sourceTree = SDKROOT; };
		DF09C97418043A6F00FCACDC /* UIKit.framework */ = {isa = PBXFileReference; lastKnownFileType = wrapper.framework; name = UIKit.framework; path = System/Library/Frameworks/UIKit.framework; sourceTree = SDKROOT; };
		DF09C97818043A6F00FCACDC /* iTutor-Info.plist */ = {isa = PBXFileReference; lastKnownFileType = text.plist.xml; path = "iTutor-Info.plist"; sourceTree = "<group>"; };
		DF09C97A18043A6F00FCACDC /* en */ = {isa = PBXFileReference; lastKnownFileType = text.plist.strings; name = en; path = en.lproj/InfoPlist.strings; sourceTree = "<group>"; };
		DF09C97C18043A6F00FCACDC /* main.m */ = {isa = PBXFileReference; lastKnownFileType = sourcecode.c.objc; path = main.m; sourceTree = "<group>"; };
		DF09C97E18043A6F00FCACDC /* iTutor-Prefix.pch */ = {isa = PBXFileReference; lastKnownFileType = sourcecode.c.h; path = "iTutor-Prefix.pch"; sourceTree = "<group>"; };
		DF09C97F18043A6F00FCACDC /* iTutorAppDelegate.h */ = {isa = PBXFileReference; lastKnownFileType = sourcecode.c.h; path = iTutorAppDelegate.h; sourceTree = "<group>"; };
		DF09C98018043A6F00FCACDC /* iTutorAppDelegate.m */ = {isa = PBXFileReference; lastKnownFileType = sourcecode.c.objc; path = iTutorAppDelegate.m; sourceTree = "<group>"; };
		DF09C98318043A6F00FCACDC /* Base */ = {isa = PBXFileReference; lastKnownFileType = file.storyboard; name = Base; path = Base.lproj/Main_iPhone.storyboard; sourceTree = "<group>"; };
		DF09C98818043A6F00FCACDC /* iTutorViewController.h */ = {isa = PBXFileReference; lastKnownFileType = sourcecode.c.h; path = iTutorViewController.h; sourceTree = "<group>"; };
		DF09C98918043A6F00FCACDC /* iTutorViewController.m */ = {isa = PBXFileReference; lastKnownFileType = sourcecode.c.objc; path = iTutorViewController.m; sourceTree = "<group>"; };
		DF09C98B18043A6F00FCACDC /* Images.xcassets */ = {isa = PBXFileReference; lastKnownFileType = folder.assetcatalog; path = Images.xcassets; sourceTree = "<group>"; };
		DF09C99118043A7000FCACDC /* iTutorTests.xctest */ = {isa = PBXFileReference; explicitFileType = wrapper.cfbundle; includeInIndex = 0; path = iTutorTests.xctest; sourceTree = BUILT_PRODUCTS_DIR; };
		DF09C99218043A7000FCACDC /* XCTest.framework */ = {isa = PBXFileReference; lastKnownFileType = wrapper.framework; name = XCTest.framework; path = Library/Frameworks/XCTest.framework; sourceTree = DEVELOPER_DIR; };
		DF09C9A818043AF600FCACDC /* PassKit.framework */ = {isa = PBXFileReference; lastKnownFileType = wrapper.framework; name = PassKit.framework; path = System/Library/Frameworks/PassKit.framework; sourceTree = SDKROOT; };
		DF09C9AA18043AF600FCACDC /* iTutor.entitlements */ = {isa = PBXFileReference; lastKnownFileType = text.xml; path = iTutor.entitlements; sourceTree = "<group>"; };
		DF70394C1806F6D400D8F6FA /* MapKit.framework */ = {isa = PBXFileReference; lastKnownFileType = wrapper.framework; name = MapKit.framework; path = System/Library/Frameworks/MapKit.framework; sourceTree = SDKROOT; };
		DFB463871806AF8E00A28B2D /* CoreLocation.framework */ = {isa = PBXFileReference; lastKnownFileType = wrapper.framework; name = CoreLocation.framework; path = System/Library/Frameworks/CoreLocation.framework; sourceTree = SDKROOT; };
/* End PBXFileReference section */

/* Begin PBXFrameworksBuildPhase section */
		DF09C96A18043A6F00FCACDC /* Frameworks */ = {
			isa = PBXFrameworksBuildPhase;
			buildActionMask = 2147483647;
			files = (
				DF70394D1806F6D400D8F6FA /* MapKit.framework in Frameworks */,
				DFB463881806AF8E00A28B2D /* CoreLocation.framework in Frameworks */,
				DF09C9A918043AF600FCACDC /* PassKit.framework in Frameworks */,
				DF09C97318043A6F00FCACDC /* CoreGraphics.framework in Frameworks */,
				DF09C97518043A6F00FCACDC /* UIKit.framework in Frameworks */,
				DF09C97118043A6F00FCACDC /* Foundation.framework in Frameworks */,
			);
			runOnlyForDeploymentPostprocessing = 0;
		};
		DF09C98E18043A7000FCACDC /* Frameworks */ = {
			isa = PBXFrameworksBuildPhase;
			buildActionMask = 2147483647;
			files = (
				DF09C99318043A7000FCACDC /* XCTest.framework in Frameworks */,
				DF09C99518043A7000FCACDC /* UIKit.framework in Frameworks */,
				DF09C99418043A7000FCACDC /* Foundation.framework in Frameworks */,
			);
			runOnlyForDeploymentPostprocessing = 0;
		};
/* End PBXFrameworksBuildPhase section */

/* Begin PBXGroup section */
		DF09C96418043A6F00FCACDC = {
			isa = PBXGroup;
			children = (
				DF09C97618043A6F00FCACDC /* iTutor */,
				DF09C96F18043A6F00FCACDC /* Frameworks */,
				DF09C96E18043A6F00FCACDC /* Products */,
			);
			sourceTree = "<group>";
		};
		DF09C96E18043A6F00FCACDC /* Products */ = {
			isa = PBXGroup;
			children = (
				DF09C96D18043A6F00FCACDC /* iTutor.app */,
				DF09C99118043A7000FCACDC /* iTutorTests.xctest */,
			);
			name = Products;
			sourceTree = "<group>";
		};
		DF09C96F18043A6F00FCACDC /* Frameworks */ = {
			isa = PBXGroup;
			children = (
				DF70394C1806F6D400D8F6FA /* MapKit.framework */,
				DFB463871806AF8E00A28B2D /* CoreLocation.framework */,
				DF09C9A818043AF600FCACDC /* PassKit.framework */,
				DF09C97018043A6F00FCACDC /* Foundation.framework */,
				DF09C97218043A6F00FCACDC /* CoreGraphics.framework */,
				DF09C97418043A6F00FCACDC /* UIKit.framework */,
				DF09C99218043A7000FCACDC /* XCTest.framework */,
			);
			name = Frameworks;
			sourceTree = "<group>";
		};
		DF09C97618043A6F00FCACDC /* iTutor */ = {
			isa = PBXGroup;
			children = (
				DF09C9AA18043AF600FCACDC /* iTutor.entitlements */,
				DF09C97F18043A6F00FCACDC /* iTutorAppDelegate.h */,
				DF09C98018043A6F00FCACDC /* iTutorAppDelegate.m */,
				DF09C98218043A6F00FCACDC /* Main_iPhone.storyboard */,
				DF09C98818043A6F00FCACDC /* iTutorViewController.h */,
				DF09C98918043A6F00FCACDC /* iTutorViewController.m */,
				DF09C98B18043A6F00FCACDC /* Images.xcassets */,
				DF09C97718043A6F00FCACDC /* Supporting Files */,
			);
			path = iTutor;
			sourceTree = "<group>";
		};
		DF09C97718043A6F00FCACDC /* Supporting Files */ = {
			isa = PBXGroup;
			children = (
				DF09C97818043A6F00FCACDC /* iTutor-Info.plist */,
				DF09C97918043A6F00FCACDC /* InfoPlist.strings */,
				DF09C97C18043A6F00FCACDC /* main.m */,
				DF09C97E18043A6F00FCACDC /* iTutor-Prefix.pch */,
			);
			name = "Supporting Files";
			sourceTree = "<group>";
		};
/* End PBXGroup section */

/* Begin PBXNativeTarget section */
		DF09C96C18043A6F00FCACDC /* iTutor */ = {
			isa = PBXNativeTarget;
			buildConfigurationList = DF09C9A218043A7000FCACDC /* Build configuration list for PBXNativeTarget "iTutor" */;
			buildPhases = (
				DF09C96918043A6F00FCACDC /* Sources */,
				DF09C96A18043A6F00FCACDC /* Frameworks */,
				DF09C96B18043A6F00FCACDC /* Resources */,
			);
			buildRules = (
			);
			dependencies = (
			);
			name = iTutor;
			productName = iTutor;
			productReference = DF09C96D18043A6F00FCACDC /* iTutor.app */;
			productType = "com.apple.product-type.application";
		};
		DF09C99018043A7000FCACDC /* iTutorTests */ = {
			isa = PBXNativeTarget;
			buildConfigurationList = DF09C9A518043A7000FCACDC /* Build configuration list for PBXNativeTarget "iTutorTests" */;
			buildPhases = (
				DF09C98D18043A7000FCACDC /* Sources */,
				DF09C98E18043A7000FCACDC /* Frameworks */,
				DF09C98F18043A7000FCACDC /* Resources */,
			);
			buildRules = (
			);
			dependencies = (
				DF09C99718043A7000FCACDC /* PBXTargetDependency */,
			);
			name = iTutorTests;
			productName = iTutorTests;
			productReference = DF09C99118043A7000FCACDC /* iTutorTests.xctest */;
			productType = "com.apple.product-type.bundle.unit-test";
		};
/* End PBXNativeTarget section */

/* Begin PBXProject section */
		DF09C96518043A6F00FCACDC /* Project object */ = {
			isa = PBXProject;
			attributes = {
				CLASSPREFIX = iTutor;
				LastUpgradeCheck = 0500;
				ORGANIZATIONNAME = "Willy Baessato";
				TargetAttributes = {
					DF09C96C18043A6F00FCACDC = {
						DevelopmentTeam = 52HV4379G7;
						SystemCapabilities = {
							com.apple.Passbook = {
								enabled = 1;
							};
							com.apple.iCloud = {
								enabled = 1;
							};
						};
					};
					DF09C99018043A7000FCACDC = {
						TestTargetID = DF09C96C18043A6F00FCACDC;
					};
				};
			};
			buildConfigurationList = DF09C96818043A6F00FCACDC /* Build configuration list for PBXProject "iTutor" */;
			compatibilityVersion = "Xcode 3.2";
			developmentRegion = English;
			hasScannedForEncodings = 0;
			knownRegions = (
				en,
				Base,
			);
			mainGroup = DF09C96418043A6F00FCACDC;
			productRefGroup = DF09C96E18043A6F00FCACDC /* Products */;
			projectDirPath = "";
			projectRoot = "";
			targets = (
				DF09C96C18043A6F00FCACDC /* iTutor */,
				DF09C99018043A7000FCACDC /* iTutorTests */,
			);
		};
/* End PBXProject section */

/* Begin PBXResourcesBuildPhase section */
		DF09C96B18043A6F00FCACDC /* Resources */ = {
			isa = PBXResourcesBuildPhase;
			buildActionMask = 2147483647;
			files = (
				DF09C98C18043A6F00FCACDC /* Images.xcassets in Resources */,
				DF09C98418043A6F00FCACDC /* Main_iPhone.storyboard in Resources */,
				DF09C97B18043A6F00FCACDC /* InfoPlist.strings in Resources */,
			);
			runOnlyForDeploymentPostprocessing = 0;
		};
		DF09C98F18043A7000FCACDC /* Resources */ = {
			isa = PBXResourcesBuildPhase;
			buildActionMask = 2147483647;
			files = (
			);
			runOnlyForDeploymentPostprocessing = 0;
		};
/* End PBXResourcesBuildPhase section */

/* Begin PBXSourcesBuildPhase section */
		DF09C96918043A6F00FCACDC /* Sources */ = {
			isa = PBXSourcesBuildPhase;
			buildActionMask = 2147483647;
			files = (
				DF09C97D18043A6F00FCACDC /* main.m in Sources */,
				DF09C98A18043A6F00FCACDC /* iTutorViewController.m in Sources */,
				DF09C98118043A6F00FCACDC /* iTutorAppDelegate.m in Sources */,
			);
			runOnlyForDeploymentPostprocessing = 0;
		};
		DF09C98D18043A7000FCACDC /* Sources */ = {
			isa = PBXSourcesBuildPhase;
			buildActionMask = 2147483647;
			files = (
			);
			runOnlyForDeploymentPostprocessing = 0;
		};
/* End PBXSourcesBuildPhase section */

/* Begin PBXTargetDependency section */
		DF09C99718043A7000FCACDC /* PBXTargetDependency */ = {
			isa = PBXTargetDependency;
			target = DF09C96C18043A6F00FCACDC /* iTutor */;
			targetProxy = DF09C99618043A7000FCACDC /* PBXContainerItemProxy */;
		};
/* End PBXTargetDependency section */

/* Begin PBXVariantGroup section */
		DF09C97918043A6F00FCACDC /* InfoPlist.strings */ = {
			isa = PBXVariantGroup;
			children = (
				DF09C97A18043A6F00FCACDC /* en */,
			);
			name = InfoPlist.strings;
			sourceTree = "<group>";
		};
		DF09C98218043A6F00FCACDC /* Main_iPhone.storyboard */ = {
			isa = PBXVariantGroup;
			children = (
				DF09C98318043A6F00FCACDC /* Base */,
			);
			name = Main_iPhone.storyboard;
			sourceTree = "<group>";
		};
/* End PBXVariantGroup section */

/* Begin XCBuildConfiguration section */
		DF09C9A018043A7000FCACDC /* Debug */ = {
			isa = XCBuildConfiguration;
			buildSettings = {
				ALWAYS_SEARCH_USER_PATHS = NO;
				ARCHS = "$(ARCHS_STANDARD_INCLUDING_64_BIT)";
				CLANG_CXX_LANGUAGE_STANDARD = "gnu++0x";
				CLANG_CXX_LIBRARY = "libc++";
				CLANG_ENABLE_MODULES = YES;
				CLANG_ENABLE_OBJC_ARC = YES;
				CLANG_WARN_BOOL_CONVERSION = YES;
				CLANG_WARN_CONSTANT_CONVERSION = YES;
				CLANG_WARN_DIRECT_OBJC_ISA_USAGE = YES_ERROR;
				CLANG_WARN_EMPTY_BODY = YES;
				CLANG_WARN_ENUM_CONVERSION = YES;
				CLANG_WARN_INT_CONVERSION = YES;
				CLANG_WARN_OBJC_ROOT_CLASS = YES_ERROR;
				CLANG_WARN__DUPLICATE_METHOD_MATCH = YES;
				"CODE_SIGN_IDENTITY[sdk=iphoneos*]" = "iPhone Developer";
				COPY_PHASE_STRIP = NO;
				GCC_C_LANGUAGE_STANDARD = gnu99;
				GCC_DYNAMIC_NO_PIC = NO;
				GCC_OPTIMIZATION_LEVEL = 0;
				GCC_PREPROCESSOR_DEFINITIONS = (
					"DEBUG=1",
					"$(inherited)",
				);
				GCC_SYMBOLS_PRIVATE_EXTERN = NO;
				GCC_WARN_64_TO_32_BIT_CONVERSION = YES;
				GCC_WARN_ABOUT_RETURN_TYPE = YES_ERROR;
				GCC_WARN_UNDECLARED_SELECTOR = YES;
				GCC_WARN_UNINITIALIZED_AUTOS = YES;
				GCC_WARN_UNUSED_FUNCTION = YES;
				GCC_WARN_UNUSED_VARIABLE = YES;
				IPHONEOS_DEPLOYMENT_TARGET = 7.0;
				ONLY_ACTIVE_ARCH = YES;
				SDKROOT = iphoneos;
				TARGETED_DEVICE_FAMILY = "1,2";
			};
			name = Debug;
		};
		DF09C9A118043A7000FCACDC /* Release */ = {
			isa = XCBuildConfiguration;
			buildSettings = {
				ALWAYS_SEARCH_USER_PATHS = NO;
				ARCHS = "$(ARCHS_STANDARD_INCLUDING_64_BIT)";
				CLANG_CXX_LANGUAGE_STANDARD = "gnu++0x";
				CLANG_CXX_LIBRARY = "libc++";
				CLANG_ENABLE_MODULES = YES;
				CLANG_ENABLE_OBJC_ARC = YES;
				CLANG_WARN_BOOL_CONVERSION = YES;
				CLANG_WARN_CONSTANT_CONVERSION = YES;
				CLANG_WARN_DIRECT_OBJC_ISA_USAGE = YES_ERROR;
				CLANG_WARN_EMPTY_BODY = YES;
				CLANG_WARN_ENUM_CONVERSION = YES;
				CLANG_WARN_INT_CONVERSION = YES;
				CLANG_WARN_OBJC_ROOT_CLASS = YES_ERROR;
				CLANG_WARN__DUPLICATE_METHOD_MATCH = YES;
				"CODE_SIGN_IDENTITY[sdk=iphoneos*]" = "iPhone Developer";
				COPY_PHASE_STRIP = YES;
				ENABLE_NS_ASSERTIONS = NO;
				GCC_C_LANGUAGE_STANDARD = gnu99;
				GCC_WARN_64_TO_32_BIT_CONVERSION = YES;
				GCC_WARN_ABOUT_RETURN_TYPE = YES_ERROR;
				GCC_WARN_UNDECLARED_SELECTOR = YES;
				GCC_WARN_UNINITIALIZED_AUTOS = YES;
				GCC_WARN_UNUSED_FUNCTION = YES;
				GCC_WARN_UNUSED_VARIABLE = YES;
				IPHONEOS_DEPLOYMENT_TARGET = 7.0;
				SDKROOT = iphoneos;
				TARGETED_DEVICE_FAMILY = "1,2";
				VALIDATE_PRODUCT = YES;
			};
			name = Release;
		};
		DF09C9A318043A7000FCACDC /* Debug */ = {
			isa = XCBuildConfiguration;
			buildSettings = {
				ASSETCATALOG_COMPILER_APPICON_NAME = AppIcon;
				ASSETCATALOG_COMPILER_LAUNCHIMAGE_NAME = LaunchImage;
				CODE_SIGN_ENTITLEMENTS = iTutor/iTutor.entitlements;
				CODE_SIGN_IDENTITY = "iPhone Developer";
				"CODE_SIGN_IDENTITY[sdk=iphoneos*]" = "iPhone Developer";
				GCC_PRECOMPILE_PREFIX_HEADER = YES;
				GCC_PREFIX_HEADER = "iTutor/iTutor-Prefix.pch";
				INFOPLIST_FILE = "iTutor/iTutor-Info.plist";
				PRODUCT_NAME = "$(TARGET_NAME)";
				PROVISIONING_PROFILE = "";
				WRAPPER_EXTENSION = app;
			};
			name = Debug;
		};
		DF09C9A418043A7000FCACDC /* Release */ = {
			isa = XCBuildConfiguration;
			buildSettings = {
				ASSETCATALOG_COMPILER_APPICON_NAME = AppIcon;
				ASSETCATALOG_COMPILER_LAUNCHIMAGE_NAME = LaunchImage;
				CODE_SIGN_ENTITLEMENTS = iTutor/iTutor.entitlements;
				CODE_SIGN_IDENTITY = "iPhone Developer";
				"CODE_SIGN_IDENTITY[sdk=iphoneos*]" = "iPhone Developer";
				GCC_PRECOMPILE_PREFIX_HEADER = YES;
				GCC_PREFIX_HEADER = "iTutor/iTutor-Prefix.pch";
				INFOPLIST_FILE = "iTutor/iTutor-Info.plist";
				PRODUCT_NAME = "$(TARGET_NAME)";
				PROVISIONING_PROFILE = "";
				WRAPPER_EXTENSION = app;
			};
			name = Release;
		};
		DF09C9A618043A7000FCACDC /* Debug */ = {
			isa = XCBuildConfiguration;
			buildSettings = {
				ARCHS = "$(ARCHS_STANDARD_INCLUDING_64_BIT)";
				BUNDLE_LOADER = "$(BUILT_PRODUCTS_DIR)/iTutor.app/iTutor";
				FRAMEWORK_SEARCH_PATHS = (
					"$(SDKROOT)/Developer/Library/Frameworks",
					"$(inherited)",
					"$(DEVELOPER_FRAMEWORKS_DIR)",
				);
				GCC_PRECOMPILE_PREFIX_HEADER = YES;
				GCC_PREFIX_HEADER = "iTutor/iTutor-Prefix.pch";
				GCC_PREPROCESSOR_DEFINITIONS = (
					"DEBUG=1",
					"$(inherited)",
				);
				INFOPLIST_FILE = "iTutorTests/iTutorTests-Info.plist";
				PRODUCT_NAME = "$(TARGET_NAME)";
				TEST_HOST = "$(BUNDLE_LOADER)";
				WRAPPER_EXTENSION = xctest;
			};
			name = Debug;
		};
		DF09C9A718043A7000FCACDC /* Release */ = {
			isa = XCBuildConfiguration;
			buildSettings = {
				ARCHS = "$(ARCHS_STANDARD_INCLUDING_64_BIT)";
				BUNDLE_LOADER = "$(BUILT_PRODUCTS_DIR)/iTutor.app/iTutor";
				FRAMEWORK_SEARCH_PATHS = (
					"$(SDKROOT)/Developer/Library/Frameworks",
					"$(inherited)",
					"$(DEVELOPER_FRAMEWORKS_DIR)",
				);
				GCC_PRECOMPILE_PREFIX_HEADER = YES;
				GCC_PREFIX_HEADER = "iTutor/iTutor-Prefix.pch";
				INFOPLIST_FILE = "iTutorTests/iTutorTests-Info.plist";
				PRODUCT_NAME = "$(TARGET_NAME)";
				TEST_HOST = "$(BUNDLE_LOADER)";
				WRAPPER_EXTENSION = xctest;
			};
			name = Release;
		};
/* End XCBuildConfiguration section */

/* Begin XCConfigurationList section */
		DF09C96818043A6F00FCACDC /* Build configuration list for PBXProject "iTutor" */ = {
			isa = XCConfigurationList;
			buildConfigurations = (
				DF09C9A018043A7000FCACDC /* Debug */,
				DF09C9A118043A7000FCACDC /* Release */,
			);
			defaultConfigurationIsVisible = 0;
			defaultConfigurationName = Release;
		};
		DF09C9A218043A7000FCACDC /* Build configuration list for PBXNativeTarget "iTutor" */ = {
			isa = XCConfigurationList;
			buildConfigurations = (
				DF09C9A318043A7000FCACDC /* Debug */,
				DF09C9A418043A7000FCACDC /* Release */,
			);
			defaultConfigurationIsVisible = 0;
			defaultConfigurationName = Release;
		};
		DF09C9A518043A7000FCACDC /* Build configuration list for PBXNativeTarget "iTutorTests" */ = {
			isa = XCConfigurationList;
			buildConfigurations = (
				DF09C9A618043A7000FCACDC /* Debug */,
				DF09C9A718043A7000FCACDC /* Release */,
			);
			defaultConfigurationIsVisible = 0;
			defaultConfigurationName = Release;
		};
/* End XCConfigurationList section */
	};
	rootObject = DF09C96518043A6F00FCACDC /* Project object */;
}
